code.as/core/socks v1.0.0 h1:SPQXNp4SbEwjOAP9VzUahLHak8SDqy5n+9cm9tpjZOs=
code.as/core/socks v1.0.0/go.mod h1:BAXBy5O9s2gmw6UxLqNJcVbWY7C/UPs+801CcSsfWOY=
github.com/hashicorp/errwrap v1.0.0 h1:hLrqtEDnRye3+sgx6z4qVLNuviH3MR5aQ0ykNJa/UYA=
github.com/hashicorp/errwrap v1.0.0/go.mod h1:YH+1FKiLXxHSkmPseP+kNlulaMuP3n2brvKWEqk/Jc4=
github.com/hashicorp/go-multierror v1.0.0 h1:iVjPR7a6H0tWELX5NxNe7bYopibicUzc7uPribsnS6o=
github.com/hashicorp/go-multierror v1.0.0/go.mod h1:dHtQlpGsu+cZNNAkkCN/P3hoUDHhCYQXV3UM06sGGrk=
github.com/microcosm-cc/bluemonday v1.0.2 h1:5lPfLTTAvAbtS0VqT+94yOtFnGfUWYyx0+iToC3Os3s=
github.com/microcosm-cc/bluemonday v1.0.2/go.mod h1:iVP4YcDBq+n/5fb23BhYFvIMq/leAFZyRl6bYmGDlGc=
github.com/shurcooL/sanitized_anchor_name v1.0.0 h1:PdmoCO6wvbs+7yrJyMORt4/BmY5IYyJwS/kOiWx8mHo=
github.com/shurcooL/sanitized_anchor_name v1.0.0/go.mod h1:1NzhyTcUVG4SuEtjjoZeVRXNmyL/1OwPU0+IJeTBvfc=
github.com/writeas/go-writeas v1.1.0 h1:WHGm6wriBkxYAOGbvriXH8DlMUGOi6jhSZLUZKQ+4mQ=
github.com/writeas/go-writeas v1.1.0/go.mod h1:oh9U1rWaiE0p3kzdKwwvOpNXgp0P0IELI7OLOwV4fkA=
github.com/writeas/impart v1.1.0 h1:nPnoO211VscNkp/gnzir5UwCDEvdHThL5uELU60NFSE=
github.com/writeas/impart v1.1.0/go.mod h1:g0MpxdnTOHHrl+Ca/2oMXUHJ0PcRAEWtkCzYCJUXC9Y=
github.com/writeas/saturday v2.0.0+incompatible h1:YKdG8l62u26YM7PGP9SJ2Pff3Z0ueGZeo/gipZj5c7c=
github.com/writeas/saturday v2.0.0+incompatible/go.mod h1:ETE1EK6ogxptJpAgUbcJD0prAtX48bSloie80+tvnzQ=
github.com/writeas/web-core v1.1.0 h1:QRI09WMPr0ZXFo7WZuZjIy1sC6AsK8OF5nrfpqLody8=
github.com/writeas/web-core v1.1.0/go.mod h1:Si3chV7VWgY8CsV+3gRolMXSO2Vx1ZFAQ/mkrpvmyEE=
golang.org/x/net v0.0.0-20181220203305-927f97764cc3 h1:eH6Eip3UpmR+yM/qI9Ijluzb1bNv/cAU/n+6l8tRSis=
golang.org/x/net v0.0.0-20181220203305-927f97764cc3/go.mod h1:mL1N/T3taQHkDXs73rZJwtUhF3w3ftmwwsq0BUmARs4=
